// !$*UTF8*$!
{
	archiveVersion = 1;
	classes = {
	};
	objectVersion = 46;
	objects = {

/* Begin PBXBuildFile section */
		331283C21AD4652C00DFC9C2 /* TugramModel.xcdatamodel in Sources */ = {isa = PBXBuildFile; fileRef = 331283B31AD4652C00DFC9C2 /* TugramModel.xcdatamodel */; };
		6E2105B21AD36F7600583B4B /* main.m in Sources */ = {isa = PBXBuildFile; fileRef = 6E2105B11AD36F7600583B4B /* main.m */; };
		6E2105B51AD36F7600583B4B /* AppDelegate.m in Sources */ = {isa = PBXBuildFile; fileRef = 6E2105B41AD36F7600583B4B /* AppDelegate.m */; };
		6E2105BB1AD36F7600583B4B /* ViewController.m in Sources */ = {isa = PBXBuildFile; fileRef = 6E2105BA1AD36F7600583B4B /* ViewController.m */; };
		6E2105BE1AD36F7600583B4B /* Main.storyboard in Resources */ = {isa = PBXBuildFile; fileRef = 6E2105BC1AD36F7600583B4B /* Main.storyboard */; };
		6E2105C01AD36F7600583B4B /* Images.xcassets in Resources */ = {isa = PBXBuildFile; fileRef = 6E2105BF1AD36F7600583B4B /* Images.xcassets */; };
		6E2105C31AD36F7600583B4B /* LaunchScreen.xib in Resources */ = {isa = PBXBuildFile; fileRef = 6E2105C11AD36F7600583B4B /* LaunchScreen.xib */; };
		6E2105CF1AD36F7600583B4B /* TugramTests.m in Sources */ = {isa = PBXBuildFile; fileRef = 6E2105CE1AD36F7600583B4B /* TugramTests.m */; };
		6E2105DD1AD3A54E00583B4B /* Parse.framework in Frameworks */ = {isa = PBXBuildFile; fileRef = 6E2105DC1AD3A54E00583B4B /* Parse.framework */; };
		6E2105DF1AD3A56200583B4B /* Bolts.framework in Frameworks */ = {isa = PBXBuildFile; fileRef = 6E2105DE1AD3A56200583B4B /* Bolts.framework */; };
		6E2105E11AD3A6DA00583B4B /* AudioToolbox.framework in Frameworks */ = {isa = PBXBuildFile; fileRef = 6E2105E01AD3A6DA00583B4B /* AudioToolbox.framework */; };
		6E2105E31AD3A6EC00583B4B /* CFNetwork.framework in Frameworks */ = {isa = PBXBuildFile; fileRef = 6E2105E21AD3A6EC00583B4B /* CFNetwork.framework */; };
		6E2105E51AD3A6FB00583B4B /* CoreGraphics.framework in Frameworks */ = {isa = PBXBuildFile; fileRef = 6E2105E41AD3A6FB00583B4B /* CoreGraphics.framework */; };
		6E2105E71AD3A70F00583B4B /* CoreLocation.framework in Frameworks */ = {isa = PBXBuildFile; fileRef = 6E2105E61AD3A70F00583B4B /* CoreLocation.framework */; };
		6E2105E91AD3A72300583B4B /* MobileCoreServices.framework in Frameworks */ = {isa = PBXBuildFile; fileRef = 6E2105E81AD3A72300583B4B /* MobileCoreServices.framework */; };
		6E2105EB1AD3A73500583B4B /* QuartzCore.framework in Frameworks */ = {isa = PBXBuildFile; fileRef = 6E2105EA1AD3A73500583B4B /* QuartzCore.framework */; };
		6E2105ED1AD3A74600583B4B /* Security.framework in Frameworks */ = {isa = PBXBuildFile; fileRef = 6E2105EC1AD3A74600583B4B /* Security.framework */; };
		6E2105EF1AD3A75500583B4B /* StoreKit.framework in Frameworks */ = {isa = PBXBuildFile; fileRef = 6E2105EE1AD3A75500583B4B /* StoreKit.framework */; };
		6E2105F11AD3A77C00583B4B /* SystemConfiguration.framework in Frameworks */ = {isa = PBXBuildFile; fileRef = 6E2105F01AD3A77C00583B4B /* SystemConfiguration.framework */; };
		6E2105F31AD3A79800583B4B /* libz.dylib in Frameworks */ = {isa = PBXBuildFile; fileRef = 6E2105F21AD3A79800583B4B /* libz.dylib */; };
		6E2105F51AD3A7C800583B4B /* libsqlite3.dylib in Frameworks */ = {isa = PBXBuildFile; fileRef = 6E2105F41AD3A7C800583B4B /* libsqlite3.dylib */; };
		6E21063B1AD47C6900583B4B /* Photo.m in Sources */ = {isa = PBXBuildFile; fileRef = 6E21063A1AD47C6900583B4B /* Photo.m */; };
		6E21063E1AD47C6900583B4B /* Comment.m in Sources */ = {isa = PBXBuildFile; fileRef = 6E21063D1AD47C6900583B4B /* Comment.m */; };
		6E2106411AD47C6900583B4B /* User.m in Sources */ = {isa = PBXBuildFile; fileRef = 6E2106401AD47C6900583B4B /* User.m */; };
		6E2106481AD505C300583B4B /* TUPhoto.m in Sources */ = {isa = PBXBuildFile; fileRef = 6E2106471AD505C300583B4B /* TUPhoto.m */; };
		6E21064B1AD505F000583B4B /* TUComment.m in Sources */ = {isa = PBXBuildFile; fileRef = 6E21064A1AD505F000583B4B /* TUComment.m */; };
		6E21064E1AD5078D00583B4B /* TUPFUser.m in Sources */ = {isa = PBXBuildFile; fileRef = 6E21064D1AD5078D00583B4B /* TUPFUser.m */; };
/* End PBXBuildFile section */

/* Begin PBXContainerItemProxy section */
		6E2105C91AD36F7600583B4B /* PBXContainerItemProxy */ = {
			isa = PBXContainerItemProxy;
			containerPortal = 6E2105A41AD36F7600583B4B /* Project object */;
			proxyType = 1;
			remoteGlobalIDString = 6E2105AB1AD36F7600583B4B;
			remoteInfo = Tugram;
		};
/* End PBXContainerItemProxy section */

/* Begin PBXFileReference section */
		331283B31AD4652C00DFC9C2 /* TugramModel.xcdatamodel */ = {isa = PBXFileReference; lastKnownFileType = wrapper.xcdatamodel; path = TugramModel.xcdatamodel; sourceTree = "<group>"; };
		6E2105AC1AD36F7600583B4B /* Tugram.app */ = {isa = PBXFileReference; explicitFileType = wrapper.application; includeInIndex = 0; path = Tugram.app; sourceTree = BUILT_PRODUCTS_DIR; };
		6E2105B01AD36F7600583B4B /* Info.plist */ = {isa = PBXFileReference; lastKnownFileType = text.plist.xml; path = Info.plist; sourceTree = "<group>"; };
		6E2105B11AD36F7600583B4B /* main.m */ = {isa = PBXFileReference; lastKnownFileType = sourcecode.c.objc; path = main.m; sourceTree = "<group>"; };
		6E2105B31AD36F7600583B4B /* AppDelegate.h */ = {isa = PBXFileReference; lastKnownFileType = sourcecode.c.h; path = AppDelegate.h; sourceTree = "<group>"; };
		6E2105B41AD36F7600583B4B /* AppDelegate.m */ = {isa = PBXFileReference; lastKnownFileType = sourcecode.c.objc; path = AppDelegate.m; sourceTree = "<group>"; };
		6E2105B91AD36F7600583B4B /* ViewController.h */ = {isa = PBXFileReference; lastKnownFileType = sourcecode.c.h; path = ViewController.h; sourceTree = "<group>"; };
		6E2105BA1AD36F7600583B4B /* ViewController.m */ = {isa = PBXFileReference; lastKnownFileType = sourcecode.c.objc; path = ViewController.m; sourceTree = "<group>"; };
		6E2105BD1AD36F7600583B4B /* Base */ = {isa = PBXFileReference; lastKnownFileType = file.storyboard; name = Base; path = Base.lproj/Main.storyboard; sourceTree = "<group>"; };
		6E2105BF1AD36F7600583B4B /* Images.xcassets */ = {isa = PBXFileReference; lastKnownFileType = folder.assetcatalog; path = Images.xcassets; sourceTree = "<group>"; };
		6E2105C21AD36F7600583B4B /* Base */ = {isa = PBXFileReference; lastKnownFileType = file.xib; name = Base; path = Base.lproj/LaunchScreen.xib; sourceTree = "<group>"; };
		6E2105C81AD36F7600583B4B /* TugramTests.xctest */ = {isa = PBXFileReference; explicitFileType = wrapper.cfbundle; includeInIndex = 0; path = TugramTests.xctest; sourceTree = BUILT_PRODUCTS_DIR; };
		6E2105CD1AD36F7600583B4B /* Info.plist */ = {isa = PBXFileReference; lastKnownFileType = text.plist.xml; path = Info.plist; sourceTree = "<group>"; };
		6E2105CE1AD36F7600583B4B /* TugramTests.m */ = {isa = PBXFileReference; lastKnownFileType = sourcecode.c.objc; path = TugramTests.m; sourceTree = "<group>"; };
		6E2105DC1AD3A54E00583B4B /* Parse.framework */ = {isa = PBXFileReference; lastKnownFileType = wrapper.framework; path = Parse.framework; sourceTree = "<group>"; };
		6E2105DE1AD3A56200583B4B /* Bolts.framework */ = {isa = PBXFileReference; lastKnownFileType = wrapper.framework; path = Bolts.framework; sourceTree = "<group>"; };
		6E2105E01AD3A6DA00583B4B /* AudioToolbox.framework */ = {isa = PBXFileReference; lastKnownFileType = wrapper.framework; name = AudioToolbox.framework; path = System/Library/Frameworks/AudioToolbox.framework; sourceTree = SDKROOT; };
		6E2105E21AD3A6EC00583B4B /* CFNetwork.framework */ = {isa = PBXFileReference; lastKnownFileType = wrapper.framework; name = CFNetwork.framework; path = System/Library/Frameworks/CFNetwork.framework; sourceTree = SDKROOT; };
		6E2105E41AD3A6FB00583B4B /* CoreGraphics.framework */ = {isa = PBXFileReference; lastKnownFileType = wrapper.framework; name = CoreGraphics.framework; path = System/Library/Frameworks/CoreGraphics.framework; sourceTree = SDKROOT; };
		6E2105E61AD3A70F00583B4B /* CoreLocation.framework */ = {isa = PBXFileReference; lastKnownFileType = wrapper.framework; name = CoreLocation.framework; path = System/Library/Frameworks/CoreLocation.framework; sourceTree = SDKROOT; };
		6E2105E81AD3A72300583B4B /* MobileCoreServices.framework */ = {isa = PBXFileReference; lastKnownFileType = wrapper.framework; name = MobileCoreServices.framework; path = System/Library/Frameworks/MobileCoreServices.framework; sourceTree = SDKROOT; };
		6E2105EA1AD3A73500583B4B /* QuartzCore.framework */ = {isa = PBXFileReference; lastKnownFileType = wrapper.framework; name = QuartzCore.framework; path = System/Library/Frameworks/QuartzCore.framework; sourceTree = SDKROOT; };
		6E2105EC1AD3A74600583B4B /* Security.framework */ = {isa = PBXFileReference; lastKnownFileType = wrapper.framework; name = Security.framework; path = System/Library/Frameworks/Security.framework; sourceTree = SDKROOT; };
		6E2105EE1AD3A75500583B4B /* StoreKit.framework */ = {isa = PBXFileReference; lastKnownFileType = wrapper.framework; name = StoreKit.framework; path = System/Library/Frameworks/StoreKit.framework; sourceTree = SDKROOT; };
		6E2105F01AD3A77C00583B4B /* SystemConfiguration.framework */ = {isa = PBXFileReference; lastKnownFileType = wrapper.framework; name = SystemConfiguration.framework; path = System/Library/Frameworks/SystemConfiguration.framework; sourceTree = SDKROOT; };
		6E2105F21AD3A79800583B4B /* libz.dylib */ = {isa = PBXFileReference; lastKnownFileType = "compiled.mach-o.dylib"; name = libz.dylib; path = usr/lib/libz.dylib; sourceTree = SDKROOT; };
		6E2105F41AD3A7C800583B4B /* libsqlite3.dylib */ = {isa = PBXFileReference; lastKnownFileType = "compiled.mach-o.dylib"; name = libsqlite3.dylib; path = usr/lib/libsqlite3.dylib; sourceTree = SDKROOT; };
		6E2106391AD47C6900583B4B /* Photo.h */ = {isa = PBXFileReference; fileEncoding = 4; lastKnownFileType = sourcecode.c.h; path = Photo.h; sourceTree = "<group>"; };
		6E21063A1AD47C6900583B4B /* Photo.m */ = {isa = PBXFileReference; fileEncoding = 4; lastKnownFileType = sourcecode.c.objc; path = Photo.m; sourceTree = "<group>"; };
		6E21063C1AD47C6900583B4B /* Comment.h */ = {isa = PBXFileReference; fileEncoding = 4; lastKnownFileType = sourcecode.c.h; path = Comment.h; sourceTree = "<group>"; };
		6E21063D1AD47C6900583B4B /* Comment.m */ = {isa = PBXFileReference; fileEncoding = 4; lastKnownFileType = sourcecode.c.objc; path = Comment.m; sourceTree = "<group>"; };
		6E21063F1AD47C6900583B4B /* User.h */ = {isa = PBXFileReference; fileEncoding = 4; lastKnownFileType = sourcecode.c.h; path = User.h; sourceTree = "<group>"; };
		6E2106401AD47C6900583B4B /* User.m */ = {isa = PBXFileReference; fileEncoding = 4; lastKnownFileType = sourcecode.c.objc; path = User.m; sourceTree = "<group>"; };
		6E2106461AD505C300583B4B /* TUPhoto.h */ = {isa = PBXFileReference; fileEncoding = 4; lastKnownFileType = sourcecode.c.h; path = TUPhoto.h; sourceTree = "<group>"; };
		6E2106471AD505C300583B4B /* TUPhoto.m */ = {isa = PBXFileReference; fileEncoding = 4; lastKnownFileType = sourcecode.c.objc; path = TUPhoto.m; sourceTree = "<group>"; };
		6E2106491AD505F000583B4B /* TUComment.h */ = {isa = PBXFileReference; fileEncoding = 4; lastKnownFileType = sourcecode.c.h; path = TUComment.h; sourceTree = "<group>"; };
		6E21064A1AD505F000583B4B /* TUComment.m */ = {isa = PBXFileReference; fileEncoding = 4; lastKnownFileType = sourcecode.c.objc; path = TUComment.m; sourceTree = "<group>"; };
		6E21064C1AD5078D00583B4B /* TUPFUser.h */ = {isa = PBXFileReference; fileEncoding = 4; lastKnownFileType = sourcecode.c.h; path = TUPFUser.h; sourceTree = "<group>"; };
		6E21064D1AD5078D00583B4B /* TUPFUser.m */ = {isa = PBXFileReference; fileEncoding = 4; lastKnownFileType = sourcecode.c.objc; path = TUPFUser.m; sourceTree = "<group>"; };
/* End PBXFileReference section */

/* Begin PBXFrameworksBuildPhase section */
		6E2105A91AD36F7600583B4B /* Frameworks */ = {
			isa = PBXFrameworksBuildPhase;
			buildActionMask = 2147483647;
			files = (
				6E2105F51AD3A7C800583B4B /* libsqlite3.dylib in Frameworks */,
				6E2105F31AD3A79800583B4B /* libz.dylib in Frameworks */,
				6E2105F11AD3A77C00583B4B /* SystemConfiguration.framework in Frameworks */,
				6E2105EF1AD3A75500583B4B /* StoreKit.framework in Frameworks */,
				6E2105ED1AD3A74600583B4B /* Security.framework in Frameworks */,
				6E2105EB1AD3A73500583B4B /* QuartzCore.framework in Frameworks */,
				6E2105E91AD3A72300583B4B /* MobileCoreServices.framework in Frameworks */,
				6E2105E71AD3A70F00583B4B /* CoreLocation.framework in Frameworks */,
				6E2105E51AD3A6FB00583B4B /* CoreGraphics.framework in Frameworks */,
				6E2105E31AD3A6EC00583B4B /* CFNetwork.framework in Frameworks */,
				6E2105E11AD3A6DA00583B4B /* AudioToolbox.framework in Frameworks */,
				6E2105DD1AD3A54E00583B4B /* Parse.framework in Frameworks */,
				6E2105DF1AD3A56200583B4B /* Bolts.framework in Frameworks */,
			);
			runOnlyForDeploymentPostprocessing = 0;
		};
		6E2105C51AD36F7600583B4B /* Frameworks */ = {
			isa = PBXFrameworksBuildPhase;
			buildActionMask = 2147483647;
			files = (
			);
			runOnlyForDeploymentPostprocessing = 0;
		};
/* End PBXFrameworksBuildPhase section */

/* Begin PBXGroup section */
		6E2105A31AD36F7600583B4B = {
			isa = PBXGroup;
			children = (
				6E2105AE1AD36F7600583B4B /* Tugram */,
				6E2105CB1AD36F7600583B4B /* TugramTests */,
				6E2105AD1AD36F7600583B4B /* Products */,
				6E2105F61AD418C200583B4B /* frameworks */,
			);
			sourceTree = "<group>";
		};
		6E2105AD1AD36F7600583B4B /* Products */ = {
			isa = PBXGroup;
			children = (
				6E2105AC1AD36F7600583B4B /* Tugram.app */,
				6E2105C81AD36F7600583B4B /* TugramTests.xctest */,
			);
			name = Products;
			sourceTree = "<group>";
		};
		6E2105AE1AD36F7600583B4B /* Tugram */ = {
			isa = PBXGroup;
			children = (
				6E2106451AD5057C00583B4B /* Model */,
				6E2105B31AD36F7600583B4B /* AppDelegate.h */,
				6E2105B41AD36F7600583B4B /* AppDelegate.m */,
				6E2105BC1AD36F7600583B4B /* Main.storyboard */,
				6E2105B91AD36F7600583B4B /* ViewController.h */,
				6E2105BA1AD36F7600583B4B /* ViewController.m */,
				6E2105BF1AD36F7600583B4B /* Images.xcassets */,
				6E2105C11AD36F7600583B4B /* LaunchScreen.xib */,
				331283B31AD4652C00DFC9C2 /* TugramModel.xcdatamodel */,
				6E21063F1AD47C6900583B4B /* User.h */,
				6E2106401AD47C6900583B4B /* User.m */,
				6E21063C1AD47C6900583B4B /* Comment.h */,
				6E21063D1AD47C6900583B4B /* Comment.m */,
				6E2106391AD47C6900583B4B /* Photo.h */,
				6E21063A1AD47C6900583B4B /* Photo.m */,
				6E2105AF1AD36F7600583B4B /* Supporting Files */,
			);
			path = Tugram;
			sourceTree = "<group>";
		};
		6E2105AF1AD36F7600583B4B /* Supporting Files */ = {
			isa = PBXGroup;
			children = (
				6E2105B01AD36F7600583B4B /* Info.plist */,
				6E2105B11AD36F7600583B4B /* main.m */,
			);
			name = "Supporting Files";
			sourceTree = "<group>";
		};
		6E2105CB1AD36F7600583B4B /* TugramTests */ = {
			isa = PBXGroup;
			children = (
				6E2105CE1AD36F7600583B4B /* TugramTests.m */,
				6E2105CC1AD36F7600583B4B /* Supporting Files */,
			);
			path = TugramTests;
			sourceTree = "<group>";
		};
		6E2105CC1AD36F7600583B4B /* Supporting Files */ = {
			isa = PBXGroup;
			children = (
				6E2105CD1AD36F7600583B4B /* Info.plist */,
			);
			name = "Supporting Files";
			sourceTree = "<group>";
		};
		6E2105F61AD418C200583B4B /* frameworks */ = {
			isa = PBXGroup;
			children = (
				6E2105DC1AD3A54E00583B4B /* Parse.framework */,
				6E2105EE1AD3A75500583B4B /* StoreKit.framework */,
				6E2105EC1AD3A74600583B4B /* Security.framework */,
				6E2105EA1AD3A73500583B4B /* QuartzCore.framework */,
				6E2105E81AD3A72300583B4B /* MobileCoreServices.framework */,
				6E2105E61AD3A70F00583B4B /* CoreLocation.framework */,
				6E2105E41AD3A6FB00583B4B /* CoreGraphics.framework */,
				6E2105E21AD3A6EC00583B4B /* CFNetwork.framework */,
				6E2105E01AD3A6DA00583B4B /* AudioToolbox.framework */,
				6E2105DE1AD3A56200583B4B /* Bolts.framework */,
				6E2105F01AD3A77C00583B4B /* SystemConfiguration.framework */,
				6E2105F21AD3A79800583B4B /* libz.dylib */,
				6E2105F41AD3A7C800583B4B /* libsqlite3.dylib */,
			);
			name = frameworks;
			sourceTree = "<group>";
		};
		6E2106451AD5057C00583B4B /* Model */ = {
			isa = PBXGroup;
			children = (
				6E21064C1AD5078D00583B4B /* TUPFUser.h */,
				6E21064D1AD5078D00583B4B /* TUPFUser.m */,
				6E2106461AD505C300583B4B /* TUPhoto.h */,
				6E2106471AD505C300583B4B /* TUPhoto.m */,
				6E2106491AD505F000583B4B /* TUComment.h */,
				6E21064A1AD505F000583B4B /* TUComment.m */,
			);
			name = Model;
			sourceTree = "<group>";
		};
/* End PBXGroup section */

/* Begin PBXNativeTarget section */
		6E2105AB1AD36F7600583B4B /* Tugram */ = {
			isa = PBXNativeTarget;
			buildConfigurationList = 6E2105D21AD36F7600583B4B /* Build configuration list for PBXNativeTarget "Tugram" */;
			buildPhases = (
				6E2105A81AD36F7600583B4B /* Sources */,
				6E2105A91AD36F7600583B4B /* Frameworks */,
				6E2105AA1AD36F7600583B4B /* Resources */,
			);
			buildRules = (
			);
			dependencies = (
			);
			name = Tugram;
			productName = Tugram;
			productReference = 6E2105AC1AD36F7600583B4B /* Tugram.app */;
			productType = "com.apple.product-type.application";
		};
		6E2105C71AD36F7600583B4B /* TugramTests */ = {
			isa = PBXNativeTarget;
			buildConfigurationList = 6E2105D51AD36F7600583B4B /* Build configuration list for PBXNativeTarget "TugramTests" */;
			buildPhases = (
				6E2105C41AD36F7600583B4B /* Sources */,
				6E2105C51AD36F7600583B4B /* Frameworks */,
				6E2105C61AD36F7600583B4B /* Resources */,
			);
			buildRules = (
			);
			dependencies = (
				6E2105CA1AD36F7600583B4B /* PBXTargetDependency */,
			);
			name = TugramTests;
			productName = TugramTests;
			productReference = 6E2105C81AD36F7600583B4B /* TugramTests.xctest */;
			productType = "com.apple.product-type.bundle.unit-test";
		};
/* End PBXNativeTarget section */

/* Begin PBXProject section */
		6E2105A41AD36F7600583B4B /* Project object */ = {
			isa = PBXProject;
			attributes = {
				LastUpgradeCheck = 0620;
				ORGANIZATIONNAME = "Timothy Yeh";
				TargetAttributes = {
					6E2105AB1AD36F7600583B4B = {
						CreatedOnToolsVersion = 6.2;
					};
					6E2105C71AD36F7600583B4B = {
						CreatedOnToolsVersion = 6.2;
						TestTargetID = 6E2105AB1AD36F7600583B4B;
					};
				};
			};
			buildConfigurationList = 6E2105A71AD36F7600583B4B /* Build configuration list for PBXProject "Tugram" */;
			compatibilityVersion = "Xcode 3.2";
			developmentRegion = English;
			hasScannedForEncodings = 0;
			knownRegions = (
				en,
				Base,
			);
			mainGroup = 6E2105A31AD36F7600583B4B;
			productRefGroup = 6E2105AD1AD36F7600583B4B /* Products */;
			projectDirPath = "";
			projectRoot = "";
			targets = (
				6E2105AB1AD36F7600583B4B /* Tugram */,
				6E2105C71AD36F7600583B4B /* TugramTests */,
			);
		};
/* End PBXProject section */

/* Begin PBXResourcesBuildPhase section */
		6E2105AA1AD36F7600583B4B /* Resources */ = {
			isa = PBXResourcesBuildPhase;
			buildActionMask = 2147483647;
			files = (
				6E2105BE1AD36F7600583B4B /* Main.storyboard in Resources */,
				6E2105C31AD36F7600583B4B /* LaunchScreen.xib in Resources */,
				6E2105C01AD36F7600583B4B /* Images.xcassets in Resources */,
			);
			runOnlyForDeploymentPostprocessing = 0;
		};
		6E2105C61AD36F7600583B4B /* Resources */ = {
			isa = PBXResourcesBuildPhase;
			buildActionMask = 2147483647;
			files = (
			);
			runOnlyForDeploymentPostprocessing = 0;
		};
/* End PBXResourcesBuildPhase section */

/* Begin PBXSourcesBuildPhase section */
		6E2105A81AD36F7600583B4B /* Sources */ = {
			isa = PBXSourcesBuildPhase;
			buildActionMask = 2147483647;
			files = (
				331283C21AD4652C00DFC9C2 /* TugramModel.xcdatamodel in Sources */,
				6E21064E1AD5078D00583B4B /* TUPFUser.m in Sources */,
				6E2106411AD47C6900583B4B /* User.m in Sources */,
				6E21063E1AD47C6900583B4B /* Comment.m in Sources */,
				6E21064B1AD505F000583B4B /* TUComment.m in Sources */,
				6E2106481AD505C300583B4B /* TUPhoto.m in Sources */,
				6E2105B51AD36F7600583B4B /* AppDelegate.m in Sources */,
				6E2105BB1AD36F7600583B4B /* ViewController.m in Sources */,
				6E21063B1AD47C6900583B4B /* Photo.m in Sources */,
				6E2105B21AD36F7600583B4B /* main.m in Sources */,
			);
			runOnlyForDeploymentPostprocessing = 0;
		};
		6E2105C41AD36F7600583B4B /* Sources */ = {
			isa = PBXSourcesBuildPhase;
			buildActionMask = 2147483647;
			files = (
				6E2105CF1AD36F7600583B4B /* TugramTests.m in Sources */,
			);
			runOnlyForDeploymentPostprocessing = 0;
		};
/* End PBXSourcesBuildPhase section */

/* Begin PBXTargetDependency section */
		6E2105CA1AD36F7600583B4B /* PBXTargetDependency */ = {
			isa = PBXTargetDependency;
			target = 6E2105AB1AD36F7600583B4B /* Tugram */;
			targetProxy = 6E2105C91AD36F7600583B4B /* PBXContainerItemProxy */;
		};
/* End PBXTargetDependency section */

/* Begin PBXVariantGroup section */
		6E2105BC1AD36F7600583B4B /* Main.storyboard */ = {
			isa = PBXVariantGroup;
			children = (
				6E2105BD1AD36F7600583B4B /* Base */,
			);
			name = Main.storyboard;
			sourceTree = "<group>";
		};
		6E2105C11AD36F7600583B4B /* LaunchScreen.xib */ = {
			isa = PBXVariantGroup;
			children = (
				6E2105C21AD36F7600583B4B /* Base */,
			);
			name = LaunchScreen.xib;
			sourceTree = "<group>";
		};
/* End PBXVariantGroup section */

/* Begin XCBuildConfiguration section */
		6E2105D01AD36F7600583B4B /* Debug */ = {
			isa = XCBuildConfiguration;
			buildSettings = {
				ALWAYS_SEARCH_USER_PATHS = NO;
				CLANG_CXX_LANGUAGE_STANDARD = "gnu++0x";
				CLANG_CXX_LIBRARY = "libc++";
				CLANG_ENABLE_MODULES = YES;
				CLANG_ENABLE_OBJC_ARC = YES;
				CLANG_WARN_BOOL_CONVERSION = YES;
				CLANG_WARN_CONSTANT_CONVERSION = YES;
				CLANG_WARN_DIRECT_OBJC_ISA_USAGE = YES_ERROR;
				CLANG_WARN_EMPTY_BODY = YES;
				CLANG_WARN_ENUM_CONVERSION = YES;
				CLANG_WARN_INT_CONVERSION = YES;
				CLANG_WARN_OBJC_ROOT_CLASS = YES_ERROR;
				CLANG_WARN_UNREACHABLE_CODE = YES;
				CLANG_WARN__DUPLICATE_METHOD_MATCH = YES;
				"CODE_SIGN_IDENTITY[sdk=iphoneos*]" = "iPhone Developer";
				COPY_PHASE_STRIP = NO;
				ENABLE_STRICT_OBJC_MSGSEND = YES;
				GCC_C_LANGUAGE_STANDARD = gnu99;
				GCC_DYNAMIC_NO_PIC = NO;
				GCC_OPTIMIZATION_LEVEL = 0;
				GCC_PREPROCESSOR_DEFINITIONS = (
					"DEBUG=1",
					"$(inherited)",
				);
				GCC_SYMBOLS_PRIVATE_EXTERN = NO;
				GCC_WARN_64_TO_32_BIT_CONVERSION = YES;
				GCC_WARN_ABOUT_RETURN_TYPE = YES_ERROR;
				GCC_WARN_UNDECLARED_SELECTOR = YES;
				GCC_WARN_UNINITIALIZED_AUTOS = YES_AGGRESSIVE;
				GCC_WARN_UNUSED_FUNCTION = YES;
				GCC_WARN_UNUSED_VARIABLE = YES;
				IPHONEOS_DEPLOYMENT_TARGET = 8.2;
				MTL_ENABLE_DEBUG_INFO = YES;
				ONLY_ACTIVE_ARCH = YES;
				SDKROOT = iphoneos;
				TARGETED_DEVICE_FAMILY = "1,2";
			};
			name = Debug;
		};
		6E2105D11AD36F7600583B4B /* Release */ = {
			isa = XCBuildConfiguration;
			buildSettings = {
				ALWAYS_SEARCH_USER_PATHS = NO;
				CLANG_CXX_LANGUAGE_STANDARD = "gnu++0x";
				CLANG_CXX_LIBRARY = "libc++";
				CLANG_ENABLE_MODULES = YES;
				CLANG_ENABLE_OBJC_ARC = YES;
				CLANG_WARN_BOOL_CONVERSION = YES;
				CLANG_WARN_CONSTANT_CONVERSION = YES;
				CLANG_WARN_DIRECT_OBJC_ISA_USAGE = YES_ERROR;
				CLANG_WARN_EMPTY_BODY = YES;
				CLANG_WARN_ENUM_CONVERSION = YES;
				CLANG_WARN_INT_CONVERSION = YES;
				CLANG_WARN_OBJC_ROOT_CLASS = YES_ERROR;
				CLANG_WARN_UNREACHABLE_CODE = YES;
				CLANG_WARN__DUPLICATE_METHOD_MATCH = YES;
				"CODE_SIGN_IDENTITY[sdk=iphoneos*]" = "iPhone Developer";
				COPY_PHASE_STRIP = NO;
				ENABLE_NS_ASSERTIONS = NO;
				ENABLE_STRICT_OBJC_MSGSEND = YES;
				GCC_C_LANGUAGE_STANDARD = gnu99;
				GCC_WARN_64_TO_32_BIT_CONVERSION = YES;
				GCC_WARN_ABOUT_RETURN_TYPE = YES_ERROR;
				GCC_WARN_UNDECLARED_SELECTOR = YES;
				GCC_WARN_UNINITIALIZED_AUTOS = YES_AGGRESSIVE;
				GCC_WARN_UNUSED_FUNCTION = YES;
				GCC_WARN_UNUSED_VARIABLE = YES;
				IPHONEOS_DEPLOYMENT_TARGET = 8.2;
				MTL_ENABLE_DEBUG_INFO = NO;
				SDKROOT = iphoneos;
				TARGETED_DEVICE_FAMILY = "1,2";
				VALIDATE_PRODUCT = YES;
			};
			name = Release;
		};
		6E2105D31AD36F7600583B4B /* Debug */ = {
			isa = XCBuildConfiguration;
			buildSettings = {
				ASSETCATALOG_COMPILER_APPICON_NAME = AppIcon;
				FRAMEWORK_SEARCH_PATHS = (
					"$(inherited)",
					"$(PROJECT_DIR)",
				);
				INFOPLIST_FILE = Tugram/Info.plist;
				LD_RUNPATH_SEARCH_PATHS = "$(inherited) @executable_path/Frameworks";
				PRODUCT_NAME = "$(TARGET_NAME)";
			};
			name = Debug;
		};
		6E2105D41AD36F7600583B4B /* Release */ = {
			isa = XCBuildConfiguration;
			buildSettings = {
				ASSETCATALOG_COMPILER_APPICON_NAME = AppIcon;
				FRAMEWORK_SEARCH_PATHS = (
					"$(inherited)",
					"$(PROJECT_DIR)",
				);
				INFOPLIST_FILE = Tugram/Info.plist;
				LD_RUNPATH_SEARCH_PATHS = "$(inherited) @executable_path/Frameworks";
				PRODUCT_NAME = "$(TARGET_NAME)";
			};
			name = Release;
		};
		6E2105D61AD36F7600583B4B /* Debug */ = {
			isa = XCBuildConfiguration;
			buildSettings = {
				BUNDLE_LOADER = "$(TEST_HOST)";
				FRAMEWORK_SEARCH_PATHS = (
					"$(SDKROOT)/Developer/Library/Frameworks",
					"$(inherited)",
				);
				GCC_PREPROCESSOR_DEFINITIONS = (
					"DEBUG=1",
					"$(inherited)",
				);
				INFOPLIST_FILE = TugramTests/Info.plist;
				LD_RUNPATH_SEARCH_PATHS = "$(inherited) @executable_path/Frameworks @loader_path/Frameworks";
				PRODUCT_NAME = "$(TARGET_NAME)";
				TEST_HOST = "$(BUILT_PRODUCTS_DIR)/Tugram.app/Tugram";
			};
			name = Debug;
		};
		6E2105D71AD36F7600583B4B /* Release */ = {
			isa = XCBuildConfiguration;
			buildSettings = {
				BUNDLE_LOADER = "$(TEST_HOST)";
				FRAMEWORK_SEARCH_PATHS = (
					"$(SDKROOT)/Developer/Library/Frameworks",
					"$(inherited)",
				);
				INFOPLIST_FILE = TugramTests/Info.plist;
				LD_RUNPATH_SEARCH_PATHS = "$(inherited) @executable_path/Frameworks @loader_path/Frameworks";
				PRODUCT_NAME = "$(TARGET_NAME)";
				TEST_HOST = "$(BUILT_PRODUCTS_DIR)/Tugram.app/Tugram";
			};
			name = Release;
		};
/* End XCBuildConfiguration section */

/* Begin XCConfigurationList section */
		6E2105A71AD36F7600583B4B /* Build configuration list for PBXProject "Tugram" */ = {
			isa = XCConfigurationList;
			buildConfigurations = (
				6E2105D01AD36F7600583B4B /* Debug */,
				6E2105D11AD36F7600583B4B /* Release */,
			);
			defaultConfigurationIsVisible = 0;
			defaultConfigurationName = Release;
		};
		6E2105D21AD36F7600583B4B /* Build configuration list for PBXNativeTarget "Tugram" */ = {
			isa = XCConfigurationList;
			buildConfigurations = (
				6E2105D31AD36F7600583B4B /* Debug */,
				6E2105D41AD36F7600583B4B /* Release */,
			);
			defaultConfigurationIsVisible = 0;
			defaultConfigurationName = Release;
		};
		6E2105D51AD36F7600583B4B /* Build configuration list for PBXNativeTarget "TugramTests" */ = {
			isa = XCConfigurationList;
			buildConfigurations = (
				6E2105D61AD36F7600583B4B /* Debug */,
				6E2105D71AD36F7600583B4B /* Release */,
			);
			defaultConfigurationIsVisible = 0;
			defaultConfigurationName = Release;
		};
/* End XCConfigurationList section */
	};
	rootObject = 6E2105A41AD36F7600583B4B /* Project object */;
}
